# This file is autogenerated, do not edit; changes may be undone by the next 'dep ensure'.


[[projects]]
  digest = "1:68001e9bdbbe7ca1b167e421a438f377afaedfba56624123182e9839a081d6dc"
  name = "github.com/99designs/keyring"
  packages = ["."]
  pruneopts = "UT"
  revision = "90a8c37279e84464663f876a1be014c7d1bb01ec"
  version = "v1.1.3"

[[projects]]
  digest = "1:675c7e2e645d40363350159cfe1f719f61ce353a3859db939ca686d98aa85f16"
  name = "github.com/danieljoos/wincred"
  packages = ["."]
  pruneopts = "UT"
  revision = "b892d337201d1400370ebf4fa919941c9ea222ee"
  version = "v1.0.2"

[[projects]]
  digest = "1:92dfb1cad60fdfecac5def0f398e05b2b92d2422ac6ad2d7d8e4bdb6057a3d83"
  name = "github.com/dvsekhvalnov/jose2go"
  packages = [
    ".",
    "aes",
    "arrays",
    "base64url",
    "compact",
    "kdf",
    "keys/ecc",
    "padding",
  ]
  pruneopts = "UT"
  revision = "f21a8cedbbae609f623613ec8f81125c243212e6"
  version = "v1.3"

[[projects]]
  digest = "1:75ea251921accab70d09dfd854f8d287224b65ab8d5da23447f0aeb2c0ee906b"
  name = "github.com/godbus/dbus"
  packages = ["."]
  pruneopts = "UT"
  revision = "37bf87eef99d69c4f1d3528bd66e3a87dc201472"
  version = "v5.0.3"

[[projects]]
  branch = "master"
  digest = "1:36f5bd9b89fcd728488eee3a0cf8787448579ac381fded60edd6e3ac01fe1a38"
  name = "github.com/gsterjov/go-libsecret"
  packages = ["."]
  pruneopts = "UT"
  revision = "a6f4afe4910cad8688db3e0e9b9ac92ad22d54e1"

[[projects]]
  branch = "master"
  digest = "1:e0e7407760180ecbb8f9a005164e28e2fb2e3c43643937ce963fe70759c26262"
  name = "github.com/keybase/go-keychain"
  packages = ["."]
  pruneopts = "UT"
  revision = "ccd67945d59e2e76561507e6d274dfe97905d40e"

[[projects]]
  digest = "1:5d231480e1c64a726869bc4142d270184c419749d34f167646baa21008eb0a79"
  name = "github.com/mitchellh/go-homedir"
  packages = ["."]
  pruneopts = "UT"
  revision = "af06845cf3004701891bf4fdb884bfe4920b3727"
  version = "v1.1.0"

[[projects]]
  branch = "master"
  digest = "1:bbe51412d9915d64ffaa96b51d409e070665efc5194fcf145c4a27d4133107a4"
  name = "golang.org/x/crypto"
  packages = ["ssh/terminal"]
  pruneopts = "UT"
  revision = "0a08dada0ff98d02f3864a23ae8d27cb8fba5303"

[[projects]]
  branch = "master"
  digest = "1:4dade6126937937ae62a2d345ceef96e1122e49bf3360a567ccd4177c0fb547b"
  name = "golang.org/x/sys"
  packages = [
    "unix",
    "windows",
  ]
  pruneopts = "UT"
  revision = "ce4227a45e2eb77e5c847278dcc6a626742e2945"

[solve-meta]
  analyzer-name = "dep"
  analyzer-version = 1
  input-imports = [
    "github.com/99designs/keyring",
    "golang.org/x/crypto/ssh/terminal",
  ]
  solver-name = "gps-cdcl"
  solver-version = 1
